github.com/tabnas/debug/go v0.3.2 h1:mBC5HjPvmXf3d+/0lpD21qh8MqKVBlOotNpQG7r1+2U=
github.com/tabnas/debug/go v0.3.2/go.mod h1:rJwdYl23jnWZX1af6jenk5jzP6R8EO3G8VlUkKB55dA=
github.com/tabnas/directive/go v0.5.2 h1:UrCo0Hgceu7h25KRpwIBdk1mp9xsoPdzmUqrtoz25iU=
github.com/tabnas/directive/go v0.5.2/go.mod h1:Bw5bXQ/j9GGgEC4oUSNaCYkd7JhCmvtwizRxB714CX0=
github.com/tabnas/expr/go v0.5.4 h1:qeiomis/gMurjw5rDFjX9+D6jvozTL8y+Bdet3YHEAg=
github.com/tabnas/expr/go v0.5.4/go.mod h1:C5LXXHwiF9e1TF9e97GfqM6cgrIqeCn8ge4vlIwPDRQ=
github.com/tabnas/json/go v0.5.2 h1:w8MYJfnihZoHSuQQ/KmweuIaLX6ciUB71+/+2ovMhak=
github.com/tabnas/json/go v0.5.2/go.mod h1:/ANfNGFDbBBiTniNYf0CCY8H4rQF72rl+0z3n2tiyJ0=
github.com/tabnas/jsonic/go v0.6.2 h1:G2L7jehqDuufNYndlA5er1Fca4GA73hrGw0mTl72TII=
github.com/tabnas/jsonic/go v0.6.2/go.mod h1:9vwTQuMl36cn6bJJJeDm4dhBE4livJItTqszyRsWECg=
github.com/tabnas/multisource/go v0.5.2 h1:TTHe9iwnBPiDBT0qTlWDE1FQ2ppbHPA5L3dGTcbY8cc=
github.com/tabnas/multisource/go v0.5.2/go.mod h1:4kPGi4d7WRsAAz5y7EDCY5Tsagz4Y1CMZBItww/aeEY=
github.com/tabnas/parser/go v0.8.7 h1:607FCn2O+gWOOwrTAUCn62EqIGgVa/1qq5Ta5EdYAMQ=
github.com/tabnas/parser/go v0.8.7/go.mod h1:WrlfEVyZ1QjEIowWiyEu3K1iHj7wxuPut5zoH9Trehk=
github.com/tabnas/path/go v0.3.2 h1:Gxb1Ld3nN+LNrsk3gwz0zZ+rwwTQhBtbEjpOFfKYPUY=
github.com/tabnas/path/go v0.3.2/go.mod h1:5pBxNKXbc6KcqrAm9LzZdsLQ0u0MSRqKMnfQcRS+yoc=
github.com/tabnas/support/go v0.3.0 h1:j2GcGgOKyjYI3xNIUXxSTHtQ2GsGCWmY+WGL30NXxB8=
github.com/tabnas/support/go v0.3.0/go.mod h1:q+EGPO8fRFQAYDwRHFH4lafD5l5W/NCdY8vhN9IJOkY=
golang.org/x/text v0.34.0 h1:oL/Qq0Kdaqxa1KbNeMKwQq0reLCCaFtqu2eNuSeNHbk=
golang.org/x/text v0.34.0/go.mod h1:homfLqTYRFyVYemLBFl5GgL/DWEiH5wcsQ5gSh1yziA=
